
Microsoft Visual Studio Solution File, Format Version 12.00
# Visual Studio 15
VisualStudioVersion = 15.0.28307.852
MinimumVisualStudioVersion = 10.0.40219.1
Project("{FAE04EC0-301F-11D3-BF4B-00C04F79EFBC}") = "BT_VN", "BT_VN\BT_VN.csproj", "{C70CE8B2-D2B3-43D9-8256-D498710D9AE6}"
EndProject
Project("{FAE04EC0-301F-11D3-BF4B-00C04F79EFBC}") = "Test", "Test\Test.csproj", "{D2214608-8EDC-4D56-BEE0-61B0C4A7EA28}"
EndProject
Global
	GlobalSection(SolutionConfigurationPlatforms) = preSolution
		Debug|Any CPU = Debug|Any CPU
		Release|Any CPU = Release|Any CPU
	EndGlobalSection
	GlobalSection(ProjectConfigurationPlatforms) = postSolution
		{C70CE8B2-D2B3-43D9-8256-D498710D9AE6}.Debug|Any CPU.ActiveCfg = Debug|Any CPU
		{C70CE8B2-D2B3-43D9-8256-D498710D9AE6}.Debug|Any CPU.Build.0 = Debug|Any CPU
		{C70CE8B2-D2B3-43D9-8256-D498710D9AE6}.Release|Any CPU.ActiveCfg = Release|Any CPU
		{C70CE8B2-D2B3-43D9-8256-D498710D9AE6}.Release|Any CPU.Build.0 = Release|Any CPU
		{D2214608-8EDC-4D56-BEE0-61B0C4A7EA28}.Debug|Any CPU.ActiveCfg = Debug|Any CPU
		{D2214608-8EDC-4D56-BEE0-61B0C4A7EA28}.Debug|Any CPU.Build.0 = Debug|Any CPU
		{D2214608-8EDC-4D56-BEE0-61B0C4A7EA28}.Release|Any CPU.ActiveCfg = Release|Any CPU
		{D2214608-8EDC-4D56-BEE0-61B0C4A7EA28}.Release|Any CPU.Build.0 = Release|Any CPU
	EndGlobalSection
	GlobalSection(SolutionProperties) = preSolution
		HideSolutionNode = FALSE
	EndGlobalSection
	GlobalSection(ExtensibilityGlobals) = postSolution
		SolutionGuid = {22297F0D-48DD-4591-93B3-08775F5E4810}
	EndGlobalSection
EndGlobal
