
Microsoft Visual Studio Solution File, Format Version 12.00
# Visual Studio 14
VisualStudioVersion = 14.0.25420.1
MinimumVisualStudioVersion = 10.0.40219.1
Project("{FAE04EC0-301F-11D3-BF4B-00C04F79EFBC}") = "BT01", "BT8_1\BT01.csproj", "{AC20F580-5EAF-4074-91E9-023A60CB59E9}"
EndProject
Project("{FAE04EC0-301F-11D3-BF4B-00C04F79EFBC}") = "BT02", "BT02\BT02.csproj", "{067E9CA7-BD2D-4850-881A-5F30CE2870DA}"
EndProject
Global
	GlobalSection(SolutionConfigurationPlatforms) = preSolution
		Debug|Any CPU = Debug|Any CPU
		Release|Any CPU = Release|Any CPU
	EndGlobalSection
	GlobalSection(ProjectConfigurationPlatforms) = postSolution
		{AC20F580-5EAF-4074-91E9-023A60CB59E9}.Debug|Any CPU.ActiveCfg = Debug|Any CPU
		{AC20F580-5EAF-4074-91E9-023A60CB59E9}.Debug|Any CPU.Build.0 = Debug|Any CPU
		{AC20F580-5EAF-4074-91E9-023A60CB59E9}.Release|Any CPU.ActiveCfg = Release|Any CPU
		{AC20F580-5EAF-4074-91E9-023A60CB59E9}.Release|Any CPU.Build.0 = Release|Any CPU
		{067E9CA7-BD2D-4850-881A-5F30CE2870DA}.Debug|Any CPU.ActiveCfg = Debug|Any CPU
		{067E9CA7-BD2D-4850-881A-5F30CE2870DA}.Debug|Any CPU.Build.0 = Debug|Any CPU
		{067E9CA7-BD2D-4850-881A-5F30CE2870DA}.Release|Any CPU.ActiveCfg = Release|Any CPU
		{067E9CA7-BD2D-4850-881A-5F30CE2870DA}.Release|Any CPU.Build.0 = Release|Any CPU
	EndGlobalSection
	GlobalSection(SolutionProperties) = preSolution
		HideSolutionNode = FALSE
	EndGlobalSection
EndGlobal
